
Microsoft Visual Studio Solution File, Format Version 12.00
# Visual Studio Version 17
VisualStudioVersion = 17.10.35013.160
MinimumVisualStudioVersion = 10.0.40219.1
Project("{9A19103F-16F7-4668-BE54-9A1E7A4F7556}") = "CarManagement", "CarManagement\CarManagement.csproj", "{EF365B62-1851-45F6-9412-13A4BCBCD053}"
EndProject
Project("{9A19103F-16F7-4668-BE54-9A1E7A4F7556}") = "CarManagementApp.Api", "CarManagementApp.Api\CarManagementApp.Api.csproj", "{41CCBC2D-32F0-4D1B-AEF2-03054281DB24}"
EndProject
Project("{FAE04EC0-301F-11D3-BF4B-00C04F79EFBC}") = "CarManagementApp.Application", "CarManagementApp.Application\CarManagementApp.Application.csproj", "{7A391F41-392E-43A3-AB39-D2AE52ED7087}"
EndProject
Project("{FAE04EC0-301F-11D3-BF4B-00C04F79EFBC}") = "CarManagementApp.Domain", "CarManagementApp.Domain\CarManagementApp.Domain.csproj", "{4391EC80-06A5-4A29-B1C6-1BCA0C07F1D1}"
EndProject
Project("{FAE04EC0-301F-11D3-BF4B-00C04F79EFBC}") = "CarManagementApp.Infrastructure", "CarManagementApp.Infrastructure\CarManagementApp.Infrastructure.csproj", "{9BE17523-27AB-4958-9BCD-BD624E47FB50}"
EndProject
Project("{FAE04EC0-301F-11D3-BF4B-00C04F79EFBC}") = "CarManagementApp.Core", "CarManagementApp.Core\CarManagementApp.Core.csproj", "{796C013A-AFB8-4FDC-984C-82348E1F6CD9}"
EndProject
Global
	GlobalSection(SolutionConfigurationPlatforms) = preSolution
		Debug|Any CPU = Debug|Any CPU
		Release|Any CPU = Release|Any CPU
	EndGlobalSection
	GlobalSection(ProjectConfigurationPlatforms) = postSolution
		{EF365B62-1851-45F6-9412-13A4BCBCD053}.Debug|Any CPU.ActiveCfg = Debug|Any CPU
		{EF365B62-1851-45F6-9412-13A4BCBCD053}.Debug|Any CPU.Build.0 = Debug|Any CPU
		{EF365B62-1851-45F6-9412-13A4BCBCD053}.Debug|Any CPU.Deploy.0 = Debug|Any CPU
		{EF365B62-1851-45F6-9412-13A4BCBCD053}.Release|Any CPU.ActiveCfg = Release|Any CPU
		{EF365B62-1851-45F6-9412-13A4BCBCD053}.Release|Any CPU.Build.0 = Release|Any CPU
		{EF365B62-1851-45F6-9412-13A4BCBCD053}.Release|Any CPU.Deploy.0 = Release|Any CPU
		{41CCBC2D-32F0-4D1B-AEF2-03054281DB24}.Debug|Any CPU.ActiveCfg = Debug|Any CPU
		{41CCBC2D-32F0-4D1B-AEF2-03054281DB24}.Debug|Any CPU.Build.0 = Debug|Any CPU
		{41CCBC2D-32F0-4D1B-AEF2-03054281DB24}.Release|Any CPU.ActiveCfg = Release|Any CPU
		{41CCBC2D-32F0-4D1B-AEF2-03054281DB24}.Release|Any CPU.Build.0 = Release|Any CPU
		{7A391F41-392E-43A3-AB39-D2AE52ED7087}.Debug|Any CPU.ActiveCfg = Debug|Any CPU
		{7A391F41-392E-43A3-AB39-D2AE52ED7087}.Debug|Any CPU.Build.0 = Debug|Any CPU
		{7A391F41-392E-43A3-AB39-D2AE52ED7087}.Release|Any CPU.ActiveCfg = Release|Any CPU
		{7A391F41-392E-43A3-AB39-D2AE52ED7087}.Release|Any CPU.Build.0 = Release|Any CPU
		{4391EC80-06A5-4A29-B1C6-1BCA0C07F1D1}.Debug|Any CPU.ActiveCfg = Debug|Any CPU
		{4391EC80-06A5-4A29-B1C6-1BCA0C07F1D1}.Debug|Any CPU.Build.0 = Debug|Any CPU
		{4391EC80-06A5-4A29-B1C6-1BCA0C07F1D1}.Release|Any CPU.ActiveCfg = Release|Any CPU
		{4391EC80-06A5-4A29-B1C6-1BCA0C07F1D1}.Release|Any CPU.Build.0 = Release|Any CPU
		{9BE17523-27AB-4958-9BCD-BD624E47FB50}.Debug|Any CPU.ActiveCfg = Debug|Any CPU
		{9BE17523-27AB-4958-9BCD-BD624E47FB50}.Debug|Any CPU.Build.0 = Debug|Any CPU
		{9BE17523-27AB-4958-9BCD-BD624E47FB50}.Release|Any CPU.ActiveCfg = Release|Any CPU
		{9BE17523-27AB-4958-9BCD-BD624E47FB50}.Release|Any CPU.Build.0 = Release|Any CPU
		{796C013A-AFB8-4FDC-984C-82348E1F6CD9}.Debug|Any CPU.ActiveCfg = Debug|Any CPU
		{796C013A-AFB8-4FDC-984C-82348E1F6CD9}.Debug|Any CPU.Build.0 = Debug|Any CPU
		{796C013A-AFB8-4FDC-984C-82348E1F6CD9}.Release|Any CPU.ActiveCfg = Release|Any CPU
		{796C013A-AFB8-4FDC-984C-82348E1F6CD9}.Release|Any CPU.Build.0 = Release|Any CPU
	EndGlobalSection
	GlobalSection(SolutionProperties) = preSolution
		HideSolutionNode = FALSE
	EndGlobalSection
	GlobalSection(ExtensibilityGlobals) = postSolution
		SolutionGuid = {FF68B83D-BAE0-4ADA-8340-3404E67151C2}
	EndGlobalSection
EndGlobal
